
Microsoft Visual Studio Solution File, Format Version 12.00
# Visual Studio Version 17
VisualStudioVersion = 17.9.34622.214
MinimumVisualStudioVersion = 10.0.40219.1
Project("{8BC9CEB8-8B4A-11D0-8D11-00A0C91BC942}") = "tres en raya", "tres en raya.vcxproj", "{D325EC36-2B03-4B2A-9C0C-8DA7CF67B432}"
EndProject
Global
	GlobalSection(SolutionConfigurationPlatforms) = preSolution
		Debug|x64 = Debug|x64
		Debug|x86 = Debug|x86
		Release|x64 = Release|x64
		Release|x86 = Release|x86
	EndGlobalSection
	GlobalSection(ProjectConfigurationPlatforms) = postSolution
		{D325EC36-2B03-4B2A-9C0C-8DA7CF67B432}.Debug|x64.ActiveCfg = Debug|x64
		{D325EC36-2B03-4B2A-9C0C-8DA7CF67B432}.Debug|x64.Build.0 = Debug|x64
		{D325EC36-2B03-4B2A-9C0C-8DA7CF67B432}.Debug|x86.ActiveCfg = Debug|Win32
		{D325EC36-2B03-4B2A-9C0C-8DA7CF67B432}.Debug|x86.Build.0 = Debug|Win32
		{D325EC36-2B03-4B2A-9C0C-8DA7CF67B432}.Release|x64.ActiveCfg = Release|x64
		{D325EC36-2B03-4B2A-9C0C-8DA7CF67B432}.Release|x64.Build.0 = Release|x64
		{D325EC36-2B03-4B2A-9C0C-8DA7CF67B432}.Release|x86.ActiveCfg = Release|Win32
		{D325EC36-2B03-4B2A-9C0C-8DA7CF67B432}.Release|x86.Build.0 = Release|Win32
	EndGlobalSection
	GlobalSection(SolutionProperties) = preSolution
		HideSolutionNode = FALSE
	EndGlobalSection
	GlobalSection(ExtensibilityGlobals) = postSolution
		SolutionGuid = {35DE6130-0C32-4A9A-8215-540B5F41FE8B}
	EndGlobalSection
EndGlobal
